
Microsoft Visual Studio Solution File, Format Version 12.00
# Visual Studio Version 16
VisualStudioVersion = 16.0.30907.101
MinimumVisualStudioVersion = 10.0.40219.1
Project("{FAE04EC0-301F-11D3-BF4B-00C04F79EFBC}") = "KontrolWork", "KontrolWork\KontrolWork.csproj", "{92AE957D-589E-47A5-A9CC-BB0357376430}"
EndProject
Project("{FAE04EC0-301F-11D3-BF4B-00C04F79EFBC}") = "ControlWork number2", "ControlWork2\ControlWork number2.csproj", "{1CCD32CE-2C11-4C53-8860-E12414FBD239}"
EndProject
Project("{FAE04EC0-301F-11D3-BF4B-00C04F79EFBC}") = "ControlWork number3", "ControlWork number3\ControlWork number3.csproj", "{BAC888FB-40D5-4029-8870-3E85216E3A9C}"
EndProject
Global
	GlobalSection(SolutionConfigurationPlatforms) = preSolution
		Debug|Any CPU = Debug|Any CPU
		Release|Any CPU = Release|Any CPU
	EndGlobalSection
	GlobalSection(ProjectConfigurationPlatforms) = postSolution
		{92AE957D-589E-47A5-A9CC-BB0357376430}.Debug|Any CPU.ActiveCfg = Debug|Any CPU
		{92AE957D-589E-47A5-A9CC-BB0357376430}.Debug|Any CPU.Build.0 = Debug|Any CPU
		{92AE957D-589E-47A5-A9CC-BB0357376430}.Release|Any CPU.ActiveCfg = Release|Any CPU
		{92AE957D-589E-47A5-A9CC-BB0357376430}.Release|Any CPU.Build.0 = Release|Any CPU
		{1CCD32CE-2C11-4C53-8860-E12414FBD239}.Debug|Any CPU.ActiveCfg = Debug|Any CPU
		{1CCD32CE-2C11-4C53-8860-E12414FBD239}.Debug|Any CPU.Build.0 = Debug|Any CPU
		{1CCD32CE-2C11-4C53-8860-E12414FBD239}.Release|Any CPU.ActiveCfg = Release|Any CPU
		{1CCD32CE-2C11-4C53-8860-E12414FBD239}.Release|Any CPU.Build.0 = Release|Any CPU
		{BAC888FB-40D5-4029-8870-3E85216E3A9C}.Debug|Any CPU.ActiveCfg = Debug|Any CPU
		{BAC888FB-40D5-4029-8870-3E85216E3A9C}.Debug|Any CPU.Build.0 = Debug|Any CPU
		{BAC888FB-40D5-4029-8870-3E85216E3A9C}.Release|Any CPU.ActiveCfg = Release|Any CPU
		{BAC888FB-40D5-4029-8870-3E85216E3A9C}.Release|Any CPU.Build.0 = Release|Any CPU
	EndGlobalSection
	GlobalSection(SolutionProperties) = preSolution
		HideSolutionNode = FALSE
	EndGlobalSection
	GlobalSection(ExtensibilityGlobals) = postSolution
		SolutionGuid = {0D351A2C-D349-472B-A2C6-B7F5A6B0E8EF}
	EndGlobalSection
EndGlobal
